
Microsoft Visual Studio Solution File, Format Version 12.00
# Visual Studio Version 17
VisualStudioVersion = 17.14.36310.24 d17.14
MinimumVisualStudioVersion = 10.0.40219.1
Project("{FAE04EC0-301F-11D3-BF4B-00C04F79EFBC}") = "BookAddress", "BookAddress\BookAddress.csproj", "{B2FD8125-32DB-4B15-AEC2-769F01885C6E}"
EndProject
Global
	GlobalSection(SolutionConfigurationPlatforms) = preSolution
		Debug|Any CPU = Debug|Any CPU
		Release|Any CPU = Release|Any CPU
	EndGlobalSection
	GlobalSection(ProjectConfigurationPlatforms) = postSolution
		{B2FD8125-32DB-4B15-AEC2-769F01885C6E}.Debug|Any CPU.ActiveCfg = Debug|Any CPU
		{B2FD8125-32DB-4B15-AEC2-769F01885C6E}.Debug|Any CPU.Build.0 = Debug|Any CPU
		{B2FD8125-32DB-4B15-AEC2-769F01885C6E}.Release|Any CPU.ActiveCfg = Release|Any CPU
		{B2FD8125-32DB-4B15-AEC2-769F01885C6E}.Release|Any CPU.Build.0 = Release|Any CPU
	EndGlobalSection
	GlobalSection(SolutionProperties) = preSolution
		HideSolutionNode = FALSE
	EndGlobalSection
	GlobalSection(ExtensibilityGlobals) = postSolution
		SolutionGuid = {1FA79A13-C5DB-4DF1-9514-0473EDB3AEC6}
	EndGlobalSection
EndGlobal
